{
  "name": "pw-buffer",
  "version": "1.0.5",
  "lockfileVersion": 1,
  "requires": true,
  "dependencies": {
    "extended-buffer": {
      "version": "5.0.3",
      "resolved": "https://registry.npmjs.org/extended-buffer/-/extended-buffer-5.0.3.tgz",
      "integrity": "sha512-SjxbpQDtGvWocY7A2buFs3aa/Z+VgHICFFl5sI08sjw+5W3Ht9vyCB40I96cqFGBvCHKSDs2PtfbmqqhWr0GYA=="
    }
  }
}
