{
  "name": "pw-buffer",
  "version": "1.0.2",
  "lockfileVersion": 1,
  "requires": true,
  "dependencies": {
    "extended-buffer": {
      "version": "5.0.2",
      "resolved": "https://registry.npmjs.org/extended-buffer/-/extended-buffer-5.0.2.tgz",
      "integrity": "sha512-LD5hbZMqBJ1jzV8hWqg4SyovnPhwiW9BT9n5hZRQkJ/Y3TJUZoYG0ZOYgbyhKWRNfwreMlu4bL89xxX6JRK0yQ=="
    }
  }
}
