{
  "name": "pw-buffer",
  "version": "2.1.0",
  "lockfileVersion": 1,
  "requires": true,
  "dependencies": {
    "@types/node": {
      "version": "4.9.3",
      "resolved": "https://registry.npmjs.org/@types/node/-/node-4.9.3.tgz",
      "integrity": "sha512-Q9eESThBvAbfEzznF1qTAKUoPbJEbK3lTSO0S3mICvmG/vUSZ+HnCtidpuB58Po7CJt5A2goKsDiYScN8d1V4A==",
      "dev": true
    },
    "extended-buffer": {
      "version": "6.0.4",
      "resolved": "https://registry.npmjs.org/extended-buffer/-/extended-buffer-6.0.4.tgz",
      "integrity": "sha512-ZB7vbo6e5qiw7KC9NtqgfsnwanXhIg1ZwgKwMi97fCYoj/7EzoHnzyYb7TT7jJluQfwqibGqy9i+n0wo0K52ZQ=="
    },
    "typescript": {
      "version": "3.6.2",
      "resolved": "https://registry.npmjs.org/typescript/-/typescript-3.6.2.tgz",
      "integrity": "sha512-lmQ4L+J6mnu3xweP8+rOrUwzmN+MRAj7TgtJtDaXE5PMyX2kCrklhg3rvOsOIfNeAWMQWO2F1GPc1kMD2vLAfw==",
      "dev": true
    }
  }
}
